Microsoft Visual Studio Solution File, Format Version 12.00
# Visual Studio Version 17
VisualStudioVersion = 17.5.2.0
MinimumVisualStudioVersion = 10.0.40219.1
Project("{FAE04EC0-301F-11D3-BF4B-00C04F79EFBC}") = "DotNetApiTemplate", "DotNetApiTemplate.csproj", "{03235057-28FE-A9EB-1800-1BA39079069D}"
EndProject
Global
	GlobalSection(SolutionConfigurationPlatforms) = preSolution
		Debug|Any CPU = Debug|Any CPU
		Release|Any CPU = Release|Any CPU
	EndGlobalSection
	GlobalSection(ProjectConfigurationPlatforms) = postSolution
		{03235057-28FE-A9EB-1800-1BA39079069D}.Debug|Any CPU.ActiveCfg = Debug|Any CPU
		{03235057-28FE-A9EB-1800-1BA39079069D}.Debug|Any CPU.Build.0 = Debug|Any CPU
		{03235057-28FE-A9EB-1800-1BA39079069D}.Release|Any CPU.ActiveCfg = Release|Any CPU
		{03235057-28FE-A9EB-1800-1BA39079069D}.Release|Any CPU.Build.0 = Release|Any CPU
	EndGlobalSection
	GlobalSection(SolutionProperties) = preSolution
		HideSolutionNode = FALSE
	EndGlobalSection
	GlobalSection(ExtensibilityGlobals) = postSolution
		SolutionGuid = {43A8C6E6-052D-41FA-B75C-5C3EB3AA6076}
	EndGlobalSection
EndGlobal
